
Microsoft Visual Studio Solution File, Format Version 12.00
# Visual Studio Version 17
VisualStudioVersion = 17.0.31903.59
MinimumVisualStudioVersion = 10.0.40219.1
Project("{2150E333-8FDC-42A3-9474-1A3956D46DE8}") = "src", "src", "{41531C8E-53E0-41E0-AEC4-99219E028125}"
EndProject
Project("{FAE04EC0-301F-11D3-BF4B-00C04F79EFBC}") = "CarOrama.Core", "src\CarOrama.Core\CarOrama.Core.csproj", "{C177F5BC-6FF6-43C2-9AF5-5B91CAD42540}"
EndProject
Project("{FAE04EC0-301F-11D3-BF4B-00C04F79EFBC}") = "CarOrama.Game", "src\CarOrama.Game\CarOrama.Game.csproj", "{ACBFFAAF-E653-4027-8EA2-75C6E34047D9}"
EndProject
Project("{2150E333-8FDC-42A3-9474-1A3956D46DE8}") = "tests", "tests", "{E071A513-E558-4BF2-BF58-3A977106E063}"
EndProject
Project("{FAE04EC0-301F-11D3-BF4B-00C04F79EFBC}") = "CarOrama.Core.Tests", "tests\CarOrama.Core.Tests\CarOrama.Core.Tests.csproj", "{648211F0-CF3C-4C97-98ED-B346B804948B}"
EndProject
Project("{2150E333-8FDC-42A3-9474-1A3956D46DE8}") = "tools", "tools", "{3F103782-E503-4CFF-A9C4-C7BC02BB0A39}"
EndProject
Project("{FAE04EC0-301F-11D3-BF4B-00C04F79EFBC}") = "CarOrama.Dataset", "tools\CarOrama.Dataset\CarOrama.Dataset.csproj", "{901C33DD-A534-4A84-8F2B-FE1A9B968FA0}"
EndProject
Global
	GlobalSection(SolutionConfigurationPlatforms) = preSolution
		Debug|Any CPU = Debug|Any CPU
		Release|Any CPU = Release|Any CPU
	EndGlobalSection
	GlobalSection(SolutionProperties) = preSolution
		HideSolutionNode = FALSE
	EndGlobalSection
	GlobalSection(ProjectConfigurationPlatforms) = postSolution
		{C177F5BC-6FF6-43C2-9AF5-5B91CAD42540}.Debug|Any CPU.ActiveCfg = Debug|Any CPU
		{C177F5BC-6FF6-43C2-9AF5-5B91CAD42540}.Debug|Any CPU.Build.0 = Debug|Any CPU
		{C177F5BC-6FF6-43C2-9AF5-5B91CAD42540}.Release|Any CPU.ActiveCfg = Release|Any CPU
		{C177F5BC-6FF6-43C2-9AF5-5B91CAD42540}.Release|Any CPU.Build.0 = Release|Any CPU
		{ACBFFAAF-E653-4027-8EA2-75C6E34047D9}.Debug|Any CPU.ActiveCfg = Debug|Any CPU
		{ACBFFAAF-E653-4027-8EA2-75C6E34047D9}.Debug|Any CPU.Build.0 = Debug|Any CPU
		{ACBFFAAF-E653-4027-8EA2-75C6E34047D9}.Release|Any CPU.ActiveCfg = Debug|Any CPU
		{ACBFFAAF-E653-4027-8EA2-75C6E34047D9}.Release|Any CPU.Build.0 = Debug|Any CPU
		{648211F0-CF3C-4C97-98ED-B346B804948B}.Debug|Any CPU.ActiveCfg = Debug|Any CPU
		{648211F0-CF3C-4C97-98ED-B346B804948B}.Debug|Any CPU.Build.0 = Debug|Any CPU
		{648211F0-CF3C-4C97-98ED-B346B804948B}.Release|Any CPU.ActiveCfg = Release|Any CPU
		{648211F0-CF3C-4C97-98ED-B346B804948B}.Release|Any CPU.Build.0 = Release|Any CPU
		{901C33DD-A534-4A84-8F2B-FE1A9B968FA0}.Debug|Any CPU.ActiveCfg = Debug|Any CPU
		{901C33DD-A534-4A84-8F2B-FE1A9B968FA0}.Debug|Any CPU.Build.0 = Debug|Any CPU
		{901C33DD-A534-4A84-8F2B-FE1A9B968FA0}.Release|Any CPU.ActiveCfg = Release|Any CPU
		{901C33DD-A534-4A84-8F2B-FE1A9B968FA0}.Release|Any CPU.Build.0 = Release|Any CPU
	EndGlobalSection
	GlobalSection(NestedProjects) = preSolution
		{C177F5BC-6FF6-43C2-9AF5-5B91CAD42540} = {41531C8E-53E0-41E0-AEC4-99219E028125}
		{ACBFFAAF-E653-4027-8EA2-75C6E34047D9} = {41531C8E-53E0-41E0-AEC4-99219E028125}
		{648211F0-CF3C-4C97-98ED-B346B804948B} = {E071A513-E558-4BF2-BF58-3A977106E063}
		{901C33DD-A534-4A84-8F2B-FE1A9B968FA0} = {3F103782-E503-4CFF-A9C4-C7BC02BB0A39}
	EndGlobalSection
EndGlobal
